
Microsoft Visual Studio Solution File, Format Version 12.00
# Visual Studio Version 17
VisualStudioVersion = 17.10.35201.131
MinimumVisualStudioVersion = 10.0.40219.1
Project("{9A19103F-16F7-4668-BE54-9A1E7A4F7556}") = "studyEnglishWordsBackend", "studyEnglishWordsBackend\studyEnglishWordsBackend.csproj", "{FA06A0A3-6C49-4BA4-863C-00EEA36EA83E}"
EndProject
Project("{E53339B2-1760-4266-BCC7-CA923CBCF16C}") = "docker-compose", "docker-compose.dcproj", "{A8BBDFB7-36F7-43D7-AA42-5986C86FDB78}"
EndProject
Global
	GlobalSection(SolutionConfigurationPlatforms) = preSolution
		Debug|Any CPU = Debug|Any CPU
		Release|Any CPU = Release|Any CPU
	EndGlobalSection
	GlobalSection(ProjectConfigurationPlatforms) = postSolution
		{FA06A0A3-6C49-4BA4-863C-00EEA36EA83E}.Debug|Any CPU.ActiveCfg = Debug|Any CPU
		{FA06A0A3-6C49-4BA4-863C-00EEA36EA83E}.Debug|Any CPU.Build.0 = Debug|Any CPU
		{FA06A0A3-6C49-4BA4-863C-00EEA36EA83E}.Release|Any CPU.ActiveCfg = Release|Any CPU
		{FA06A0A3-6C49-4BA4-863C-00EEA36EA83E}.Release|Any CPU.Build.0 = Release|Any CPU
		{A8BBDFB7-36F7-43D7-AA42-5986C86FDB78}.Debug|Any CPU.ActiveCfg = Debug|Any CPU
		{A8BBDFB7-36F7-43D7-AA42-5986C86FDB78}.Debug|Any CPU.Build.0 = Debug|Any CPU
		{A8BBDFB7-36F7-43D7-AA42-5986C86FDB78}.Release|Any CPU.ActiveCfg = Release|Any CPU
		{A8BBDFB7-36F7-43D7-AA42-5986C86FDB78}.Release|Any CPU.Build.0 = Release|Any CPU
	EndGlobalSection
	GlobalSection(SolutionProperties) = preSolution
		HideSolutionNode = FALSE
	EndGlobalSection
EndGlobal
