
Microsoft Visual Studio Solution File, Format Version 12.00
Project("{FAE04EC0-301F-11D3-BF4B-00C04F79EFBC}") = "studyEnglishWords", "studyEnglishWords\studyEnglishWords.csproj", "{FA06A0A3-6C49-4BA4-863C-00EEA36EA83E}"
EndProject
Global
	GlobalSection(SolutionConfigurationPlatforms) = preSolution
		Debug|Any CPU = Debug|Any CPU
		Release|Any CPU = Release|Any CPU
	EndGlobalSection
	GlobalSection(ProjectConfigurationPlatforms) = postSolution
		{FA06A0A3-6C49-4BA4-863C-00EEA36EA83E}.Debug|Any CPU.ActiveCfg = Debug|Any CPU
		{FA06A0A3-6C49-4BA4-863C-00EEA36EA83E}.Debug|Any CPU.Build.0 = Debug|Any CPU
		{FA06A0A3-6C49-4BA4-863C-00EEA36EA83E}.Release|Any CPU.ActiveCfg = Release|Any CPU
		{FA06A0A3-6C49-4BA4-863C-00EEA36EA83E}.Release|Any CPU.Build.0 = Release|Any CPU
	EndGlobalSection
EndGlobal
